{
  "name": "application-experiment",
  "version": "1.0.0",
  "lockfileVersion": 1,
  "requires": true,
  "dependencies": {
    "@most/core": {
      "version": "1.5.0",
      "resolved": "https://registry.npmjs.org/@most/core/-/core-1.5.0.tgz",
      "integrity": "sha512-cI8KTkjaipRVQvf4vrwhqNtY7cTzF9YaI85TU6mHEgjRMeTSS9qgBv6z6wXUePgnbwf11uVgSERZ8PZRDPE2HA==",
      "requires": {
        "@most/disposable": "^1.2.2",
        "@most/prelude": "^1.7.3",
        "@most/scheduler": "^1.2.3",
        "@most/types": "^1.0.2"
      }
    },
    "@most/disposable": {
      "version": "1.2.2",
      "resolved": "https://registry.npmjs.org/@most/disposable/-/disposable-1.2.2.tgz",
      "integrity": "sha512-05u3obo0sDuh1PGw1BS6VEhgJTLkPMyGHOAvSJMSk2tArgBvhMvjayl8fU4DEKO7r+3aTg7F9Stnr1T61578yQ==",
      "requires": {
        "@most/prelude": "^1.7.3",
        "@most/types": "^1.0.2"
      }
    },
    "@most/dom-event": {
      "version": "2.2.0",
      "resolved": "https://registry.npmjs.org/@most/dom-event/-/dom-event-2.2.0.tgz",
      "integrity": "sha512-pEnXCyj7ZEymozyKX87k9r3rhEsG86nAGerYwZPcpbBNEvemQMtyTcxwRP2+UipTHRpTzukaWuOSx20yLRpKAQ==",
      "requires": {
        "@most/scheduler": "^0.13.0",
        "@most/types": "^0.11.1"
      },
      "dependencies": {
        "@most/scheduler": {
          "version": "0.13.1",
          "resolved": "https://registry.npmjs.org/@most/scheduler/-/scheduler-0.13.1.tgz",
          "integrity": "sha512-t14TLvEfUYPSLJQSLT/V5bQYxvKdLib8KFrz0hniOHZRoqyBgt6zhHKP1zywrEYQd9+sdhS5SZDnX9wAJ+xJxg==",
          "requires": {
            "@most/prelude": "^1.6.4",
            "@most/types": "^0.11.1"
          }
        },
        "@most/types": {
          "version": "0.11.1",
          "resolved": "https://registry.npmjs.org/@most/types/-/types-0.11.1.tgz",
          "integrity": "sha512-acP+xy7F4W50GAbpOmfdNgATPwCfMUSLmWEhUb4MHli9k0qAtN828LTVPgK3AsTBh/Fkx0TulbgW+H2t06BsKA=="
        }
      }
    },
    "@most/prelude": {
      "version": "1.7.3",
      "resolved": "https://registry.npmjs.org/@most/prelude/-/prelude-1.7.3.tgz",
      "integrity": "sha512-qWWEnA22UP1lzFfKx75XMut6DUUXGRKe7qv2k+Bgs7ju8lwb5RjsZYyQZ+VcsYvHcIavHKzseLlBMLOe2CvUZw=="
    },
    "@most/scheduler": {
      "version": "1.2.3",
      "resolved": "https://registry.npmjs.org/@most/scheduler/-/scheduler-1.2.3.tgz",
      "integrity": "sha512-OpykYNwUIe7/InAs0ftSIkQULJajM6ghmYDeJ0yv9xcLmi5NyAtOOyUdIxlfqi7xHWRiD2iQuuJXHGyqFsKCsw==",
      "requires": {
        "@most/prelude": "^1.7.3",
        "@most/types": "^1.0.2"
      }
    },
    "@most/types": {
      "version": "1.0.2",
      "resolved": "https://registry.npmjs.org/@most/types/-/types-1.0.2.tgz",
      "integrity": "sha512-ZVkDwaiuGVTXywADeJ3aUBsD41UURldIljlsSTMdiWfhVEOY7dsY8iq+9wFUjRZYjhnpn9tLiOHaqyjbxm1prg=="
    },
    "accepts": {
      "version": "1.3.7",
      "resolved": "https://registry.npmjs.org/accepts/-/accepts-1.3.7.tgz",
      "integrity": "sha512-Il80Qs2WjYlJIBNzNkK6KYqlVMTbZLXgHx2oT0pU/fjRHyEp+PEfEPY0R3WCwAGVOtauxh1hOxNgIf5bv7dQpA==",
      "requires": {
        "mime-types": "~2.1.24",
        "negotiator": "0.6.2"
      }
    },
    "after": {
      "version": "0.8.2",
      "resolved": "https://registry.npmjs.org/after/-/after-0.8.2.tgz",
      "integrity": "sha1-/ts5T58OAqqXaOcCvaI7UF+ufh8="
    },
    "arraybuffer.slice": {
      "version": "0.0.7",
      "resolved": "https://registry.npmjs.org/arraybuffer.slice/-/arraybuffer.slice-0.0.7.tgz",
      "integrity": "sha512-wGUIVQXuehL5TCqQun8OW81jGzAWycqzFF8lFp+GOM5BXLYj3bKNsYC4daB7n6XjCqxQA/qgTJ+8ANR3acjrog=="
    },
    "async-limiter": {
      "version": "1.0.0",
      "resolved": "https://registry.npmjs.org/async-limiter/-/async-limiter-1.0.0.tgz",
      "integrity": "sha512-jp/uFnooOiO+L211eZOoSyzpOITMXx1rBITauYykG3BRYPu8h0UcxsPNB04RR5vo4Tyz3+ay17tR6JVf9qzYWg=="
    },
    "backo2": {
      "version": "1.0.2",
      "resolved": "https://registry.npmjs.org/backo2/-/backo2-1.0.2.tgz",
      "integrity": "sha1-MasayLEpNjRj41s+u2n038+6eUc="
    },
    "base64-arraybuffer": {
      "version": "0.1.5",
      "resolved": "https://registry.npmjs.org/base64-arraybuffer/-/base64-arraybuffer-0.1.5.tgz",
      "integrity": "sha1-c5JncZI7Whl0etZmqlzUv5xunOg="
    },
    "base64id": {
      "version": "1.0.0",
      "resolved": "https://registry.npmjs.org/base64id/-/base64id-1.0.0.tgz",
      "integrity": "sha1-R2iMuZu2gE8OBtPnY7HDLlfY5rY="
    },
    "better-assert": {
      "version": "1.0.2",
      "resolved": "https://registry.npmjs.org/better-assert/-/better-assert-1.0.2.tgz",
      "integrity": "sha1-QIZrnhueC1W0gYlDEeaPr/rrxSI=",
      "requires": {
        "callsite": "1.0.0"
      }
    },
    "blob": {
      "version": "0.0.5",
      "resolved": "https://registry.npmjs.org/blob/-/blob-0.0.5.tgz",
      "integrity": "sha512-gaqbzQPqOoamawKg0LGVd7SzLgXS+JH61oWprSLH+P+abTczqJbhTR8CmJ2u9/bUYNmHTGJx/UEmn6doAvvuig=="
    },
    "callsite": {
      "version": "1.0.0",
      "resolved": "https://registry.npmjs.org/callsite/-/callsite-1.0.0.tgz",
      "integrity": "sha1-KAOY5dZkvXQDi28JBRU+borxvCA="
    },
    "cepjs-core": {
      "version": "1.0.10",
      "resolved": "https://registry.npmjs.org/cepjs-core/-/cepjs-core-1.0.10.tgz",
      "integrity": "sha512-LAkb6cXVHOxyemyShF/LE9LiFbkGb22eaBYLiaR4fXyn02SWTkTcjZiNXwGG0DWYDLSSmVvAWJzeOtC93YVxNA==",
      "requires": {
        "date-fns": "^1.30.1",
        "each-cons": "^1.0.0",
        "geodesy": "^1.0.0",
        "lodash": "^4.17.14"
      }
    },
    "cepjs-most": {
      "version": "1.0.2",
      "resolved": "https://registry.npmjs.org/cepjs-most/-/cepjs-most-1.0.2.tgz",
      "integrity": "sha512-wF4Gjy5paVmFSZtj1olxcwHx6YIRbC5ehrZrzD/su18y/0UU2lNY/bDrdX1BVrnIB8C32NsY51wmLi46e2kmIg==",
      "requires": {
        "@most/core": "^1.5.0",
        "@most/dom-event": "^2.2.0",
        "@most/scheduler": "^1.2.3",
        "most-from-array": "^1.0.2",
        "most-from-event": "^1.1.2",
        "most-rx-utils": "^1.0.2"
      }
    },
    "cepjs-rx": {
      "version": "1.0.2",
      "resolved": "https://registry.npmjs.org/cepjs-rx/-/cepjs-rx-1.0.2.tgz",
      "integrity": "sha512-yRsdYsyVywTx0NiQqWfbb2kpeE4zatEdqTByB2D0lfsrlDE2etCHnD/rvGuxKXUSIcHxxupdcZcsZqYm3RS+Xg==",
      "requires": {
        "rxjs": "^6.5.2"
      }
    },
    "component-bind": {
      "version": "1.0.0",
      "resolved": "https://registry.npmjs.org/component-bind/-/component-bind-1.0.0.tgz",
      "integrity": "sha1-AMYIq33Nk4l8AAllGx06jh5zu9E="
    },
    "component-emitter": {
      "version": "1.2.1",
      "resolved": "https://registry.npmjs.org/component-emitter/-/component-emitter-1.2.1.tgz",
      "integrity": "sha1-E3kY1teCg/ffemt8WmPhQOaUJeY="
    },
    "component-inherit": {
      "version": "0.0.3",
      "resolved": "https://registry.npmjs.org/component-inherit/-/component-inherit-0.0.3.tgz",
      "integrity": "sha1-ZF/ErfWLcrZJ1crmUTVhnbJv8UM="
    },
    "cookie": {
      "version": "0.3.1",
      "resolved": "https://registry.npmjs.org/cookie/-/cookie-0.3.1.tgz",
      "integrity": "sha1-5+Ch+e9DtMi6klxcWpboBtFoc7s="
    },
    "date-fns": {
      "version": "1.30.1",
      "resolved": "https://registry.npmjs.org/date-fns/-/date-fns-1.30.1.tgz",
      "integrity": "sha512-hBSVCvSmWC+QypYObzwGOd9wqdDpOt+0wl0KbU+R+uuZBS1jN8VsD1ss3irQDknRj5NvxiTF6oj/nDRnN/UQNw=="
    },
    "debug": {
      "version": "4.1.1",
      "resolved": "https://registry.npmjs.org/debug/-/debug-4.1.1.tgz",
      "integrity": "sha512-pYAIzeRo8J6KPEaJ0VWOh5Pzkbw/RetuzehGM7QRRX5he4fPHx2rdKMB256ehJCkX+XRQm16eZLqLNS8RSZXZw==",
      "requires": {
        "ms": "^2.1.1"
      }
    },
    "each-cons": {
      "version": "1.0.0",
      "resolved": "https://registry.npmjs.org/each-cons/-/each-cons-1.0.0.tgz",
      "integrity": "sha1-6/QrbMbhGZPVXDhIy5q1fZBs9PE="
    },
    "engine.io": {
      "version": "3.3.2",
      "resolved": "https://registry.npmjs.org/engine.io/-/engine.io-3.3.2.tgz",
      "integrity": "sha512-AsaA9KG7cWPXWHp5FvHdDWY3AMWeZ8x+2pUVLcn71qE5AtAzgGbxuclOytygskw8XGmiQafTmnI9Bix3uihu2w==",
      "requires": {
        "accepts": "~1.3.4",
        "base64id": "1.0.0",
        "cookie": "0.3.1",
        "debug": "~3.1.0",
        "engine.io-parser": "~2.1.0",
        "ws": "~6.1.0"
      },
      "dependencies": {
        "debug": {
          "version": "3.1.0",
          "resolved": "https://registry.npmjs.org/debug/-/debug-3.1.0.tgz",
          "integrity": "sha512-OX8XqP7/1a9cqkxYw2yXss15f26NKWBpDXQd0/uK/KPqdQhxbPa994hnzjcE2VqQpDslf55723cKPUOGSmMY3g==",
          "requires": {
            "ms": "2.0.0"
          }
        },
        "ms": {
          "version": "2.0.0",
          "resolved": "https://registry.npmjs.org/ms/-/ms-2.0.0.tgz",
          "integrity": "sha1-VgiurfwAvmwpAd9fmGF4jeDVl8g="
        }
      }
    },
    "engine.io-client": {
      "version": "3.3.2",
      "resolved": "https://registry.npmjs.org/engine.io-client/-/engine.io-client-3.3.2.tgz",
      "integrity": "sha512-y0CPINnhMvPuwtqXfsGuWE8BB66+B6wTtCofQDRecMQPYX3MYUZXFNKDhdrSe3EVjgOu4V3rxdeqN/Tr91IgbQ==",
      "requires": {
        "component-emitter": "1.2.1",
        "component-inherit": "0.0.3",
        "debug": "~3.1.0",
        "engine.io-parser": "~2.1.1",
        "has-cors": "1.1.0",
        "indexof": "0.0.1",
        "parseqs": "0.0.5",
        "parseuri": "0.0.5",
        "ws": "~6.1.0",
        "xmlhttprequest-ssl": "~1.5.4",
        "yeast": "0.1.2"
      },
      "dependencies": {
        "debug": {
          "version": "3.1.0",
          "resolved": "https://registry.npmjs.org/debug/-/debug-3.1.0.tgz",
          "integrity": "sha512-OX8XqP7/1a9cqkxYw2yXss15f26NKWBpDXQd0/uK/KPqdQhxbPa994hnzjcE2VqQpDslf55723cKPUOGSmMY3g==",
          "requires": {
            "ms": "2.0.0"
          }
        },
        "ms": {
          "version": "2.0.0",
          "resolved": "https://registry.npmjs.org/ms/-/ms-2.0.0.tgz",
          "integrity": "sha1-VgiurfwAvmwpAd9fmGF4jeDVl8g="
        }
      }
    },
    "engine.io-parser": {
      "version": "2.1.3",
      "resolved": "https://registry.npmjs.org/engine.io-parser/-/engine.io-parser-2.1.3.tgz",
      "integrity": "sha512-6HXPre2O4Houl7c4g7Ic/XzPnHBvaEmN90vtRO9uLmwtRqQmTOw0QMevL1TOfL2Cpu1VzsaTmMotQgMdkzGkVA==",
      "requires": {
        "after": "0.8.2",
        "arraybuffer.slice": "~0.0.7",
        "base64-arraybuffer": "0.1.5",
        "blob": "0.0.5",
        "has-binary2": "~1.0.2"
      }
    },
    "geodesy": {
      "version": "1.1.3",
      "resolved": "https://registry.npmjs.org/geodesy/-/geodesy-1.1.3.tgz",
      "integrity": "sha512-H/0XSd1KjKZGZ2YGZcOYzRyY/foYAawwTEumNSo+YUwf+u5d4CfvBRg2i2Qimrx9yUEjWR8hLvMnhghuVFN0Zg=="
    },
    "has-binary2": {
      "version": "1.0.3",
      "resolved": "https://registry.npmjs.org/has-binary2/-/has-binary2-1.0.3.tgz",
      "integrity": "sha512-G1LWKhDSvhGeAQ8mPVQlqNcOB2sJdwATtZKl2pDKKHfpf/rYj24lkinxf69blJbnsvtqqNU+L3SL50vzZhXOnw==",
      "requires": {
        "isarray": "2.0.1"
      }
    },
    "has-cors": {
      "version": "1.1.0",
      "resolved": "https://registry.npmjs.org/has-cors/-/has-cors-1.1.0.tgz",
      "integrity": "sha1-XkdHk/fqmEPRu5nCPu9J/xJv/zk="
    },
    "indexof": {
      "version": "0.0.1",
      "resolved": "https://registry.npmjs.org/indexof/-/indexof-0.0.1.tgz",
      "integrity": "sha1-gtwzbSMrkGIXnQWrMpOmYFn9Q10="
    },
    "isarray": {
      "version": "2.0.1",
      "resolved": "https://registry.npmjs.org/isarray/-/isarray-2.0.1.tgz",
      "integrity": "sha1-o32U7ZzaLVmGXJ92/llu4fM4dB4="
    },
    "lodash": {
      "version": "4.17.15",
      "resolved": "https://registry.npmjs.org/lodash/-/lodash-4.17.15.tgz",
      "integrity": "sha512-8xOcRHvCjnocdS5cpwXQXVzmmh5e5+saE2QGoeQmbKmRS6J3VQppPOIt0MnmE+4xlZoumy0GPG0D0MVIQbNA1A=="
    },
    "mime-db": {
      "version": "1.40.0",
      "resolved": "https://registry.npmjs.org/mime-db/-/mime-db-1.40.0.tgz",
      "integrity": "sha512-jYdeOMPy9vnxEqFRRo6ZvTZ8d9oPb+k18PKoYNYUe2stVEBPPwsln/qWzdbmaIvnhZ9v2P+CuecK+fpUfsV2mA=="
    },
    "mime-types": {
      "version": "2.1.24",
      "resolved": "https://registry.npmjs.org/mime-types/-/mime-types-2.1.24.tgz",
      "integrity": "sha512-WaFHS3MCl5fapm3oLxU4eYDw77IQM2ACcxQ9RIxfaC3ooc6PFuBMGZZsYpvoXS5D5QTWPieo1jjLdAm3TBP3cQ==",
      "requires": {
        "mime-db": "1.40.0"
      }
    },
    "most-from-array": {
      "version": "1.0.2",
      "resolved": "https://registry.npmjs.org/most-from-array/-/most-from-array-1.0.2.tgz",
      "integrity": "sha1-E95FzFmkKYAv6IajwO32KFQHlpQ=",
      "requires": {
        "@most/scheduler": "^1.2.0"
      }
    },
    "most-from-event": {
      "version": "1.1.2",
      "resolved": "https://registry.npmjs.org/most-from-event/-/most-from-event-1.1.2.tgz",
      "integrity": "sha1-BvvuJyew8354vB49IerIy1Zy078=",
      "requires": {
        "@most/scheduler": "^1.1.0"
      }
    },
    "most-last": {
      "version": "2.1.0",
      "resolved": "https://registry.npmjs.org/most-last/-/most-last-2.1.0.tgz",
      "integrity": "sha1-TfETX/09tpEJIvQVKVQkE3Stk/U=",
      "requires": {
        "@most/core": "^1.2.3",
        "@most/scheduler": "^1.1.0"
      }
    },
    "most-rx-utils": {
      "version": "1.1.1",
      "resolved": "https://registry.npmjs.org/most-rx-utils/-/most-rx-utils-1.1.1.tgz",
      "integrity": "sha512-jtrASr2HYCO8cdBiiKLLYBVYK3M/pwE1l0CL/5XT1mYn26aWcT888Mg3Sl7XUoSU1B883v9UBQQHLoUNDQGPWg==",
      "requires": {
        "@most/prelude": "^1.7.3",
        "most-last": "^2.1.0",
        "most-subject": "^6.0.0"
      }
    },
    "most-subject": {
      "version": "6.0.0",
      "resolved": "https://registry.npmjs.org/most-subject/-/most-subject-6.0.0.tgz",
      "integrity": "sha512-Fg55kwepLJ4l6tI/iOWaKDV0pNpsv0KMprr4skdZlKu292bN0xkT8zE12CybkVhivWlQP3QrweSk8eOKoJUMmA==",
      "requires": {
        "@most/core": "0.14.0",
        "@most/prelude": "1.6.4",
        "@most/types": "0.11.1"
      },
      "dependencies": {
        "@most/core": {
          "version": "0.14.0",
          "resolved": "https://registry.npmjs.org/@most/core/-/core-0.14.0.tgz",
          "integrity": "sha512-Ns8ckDZ7iGKfUgM9Ljp+fR2gnq71j5cAGXTWEDCSZH2KaLRfxs7pp0/oxljNN3aIvcQQcK1MD1Jf9mGo+aUiUA==",
          "requires": {
            "@most/disposable": "^0.13.1",
            "@most/prelude": "^1.6.4",
            "@most/scheduler": "^0.13.1",
            "@most/types": "^0.11.1"
          }
        },
        "@most/disposable": {
          "version": "0.13.1",
          "resolved": "https://registry.npmjs.org/@most/disposable/-/disposable-0.13.1.tgz",
          "integrity": "sha512-2Z89nEjdEJ6RvCzwyWZK6xv2avt2gY2NSkceemOQ869ggGDB2ZFA/ZMuyZag2KVoCyjb9zMOhfOgQw1gD/m9QA==",
          "requires": {
            "@most/prelude": "^1.6.4",
            "@most/types": "^0.11.1"
          }
        },
        "@most/prelude": {
          "version": "1.6.4",
          "resolved": "https://registry.npmjs.org/@most/prelude/-/prelude-1.6.4.tgz",
          "integrity": "sha512-RsT1xRIEc+rCCTZPL3v/tAC+dX1qt1q00ZofEtCJEMEsVg7zT+WLXiVQdhcRqqh4baQTYmDPArXrQWyd7GkqAA=="
        },
        "@most/scheduler": {
          "version": "0.13.1",
          "resolved": "https://registry.npmjs.org/@most/scheduler/-/scheduler-0.13.1.tgz",
          "integrity": "sha512-t14TLvEfUYPSLJQSLT/V5bQYxvKdLib8KFrz0hniOHZRoqyBgt6zhHKP1zywrEYQd9+sdhS5SZDnX9wAJ+xJxg==",
          "requires": {
            "@most/prelude": "^1.6.4",
            "@most/types": "^0.11.1"
          }
        },
        "@most/types": {
          "version": "0.11.1",
          "resolved": "https://registry.npmjs.org/@most/types/-/types-0.11.1.tgz",
          "integrity": "sha512-acP+xy7F4W50GAbpOmfdNgATPwCfMUSLmWEhUb4MHli9k0qAtN828LTVPgK3AsTBh/Fkx0TulbgW+H2t06BsKA=="
        }
      }
    },
    "ms": {
      "version": "2.1.2",
      "resolved": "https://registry.npmjs.org/ms/-/ms-2.1.2.tgz",
      "integrity": "sha512-sGkPx+VjMtmA6MX27oA4FBFELFCZZ4S4XqeGOXCv68tT+jb3vk/RyaKWP0PTKyWtmLSM0b+adUTEvbs1PEaH2w=="
    },
    "negotiator": {
      "version": "0.6.2",
      "resolved": "https://registry.npmjs.org/negotiator/-/negotiator-0.6.2.tgz",
      "integrity": "sha512-hZXc7K2e+PgeI1eDBe/10Ard4ekbfrrqG8Ep+8Jmf4JID2bNg7NvCPOZN+kfF574pFQI7mum2AUqDidoKqcTOw=="
    },
    "object-component": {
      "version": "0.0.3",
      "resolved": "https://registry.npmjs.org/object-component/-/object-component-0.0.3.tgz",
      "integrity": "sha1-8MaapQ78lbhmwYb0AKM3acsvEpE="
    },
    "parseqs": {
      "version": "0.0.5",
      "resolved": "https://registry.npmjs.org/parseqs/-/parseqs-0.0.5.tgz",
      "integrity": "sha1-1SCKNzjkZ2bikbouoXNoSSGouJ0=",
      "requires": {
        "better-assert": "~1.0.0"
      }
    },
    "parseuri": {
      "version": "0.0.5",
      "resolved": "https://registry.npmjs.org/parseuri/-/parseuri-0.0.5.tgz",
      "integrity": "sha1-gCBKUNTbt3m/3G6+J3jZDkvOMgo=",
      "requires": {
        "better-assert": "~1.0.0"
      }
    },
    "rxjs": {
      "version": "6.5.2",
      "resolved": "https://registry.npmjs.org/rxjs/-/rxjs-6.5.2.tgz",
      "integrity": "sha512-HUb7j3kvb7p7eCUHE3FqjoDsC1xfZQ4AHFWfTKSpZ+sAhhz5X1WX0ZuUqWbzB2QhSLp3DoLUG+hMdEDKqWo2Zg==",
      "requires": {
        "tslib": "^1.9.0"
      }
    },
    "socket.io": {
      "version": "2.2.0",
      "resolved": "https://registry.npmjs.org/socket.io/-/socket.io-2.2.0.tgz",
      "integrity": "sha512-wxXrIuZ8AILcn+f1B4ez4hJTPG24iNgxBBDaJfT6MsyOhVYiTXWexGoPkd87ktJG8kQEcL/NBvRi64+9k4Kc0w==",
      "requires": {
        "debug": "~4.1.0",
        "engine.io": "~3.3.1",
        "has-binary2": "~1.0.2",
        "socket.io-adapter": "~1.1.0",
        "socket.io-client": "2.2.0",
        "socket.io-parser": "~3.3.0"
      }
    },
    "socket.io-adapter": {
      "version": "1.1.1",
      "resolved": "https://registry.npmjs.org/socket.io-adapter/-/socket.io-adapter-1.1.1.tgz",
      "integrity": "sha1-KoBeihTWNyEk3ZFZrUUC+MsH8Gs="
    },
    "socket.io-client": {
      "version": "2.2.0",
      "resolved": "https://registry.npmjs.org/socket.io-client/-/socket.io-client-2.2.0.tgz",
      "integrity": "sha512-56ZrkTDbdTLmBIyfFYesgOxsjcLnwAKoN4CiPyTVkMQj3zTUh0QAx3GbvIvLpFEOvQWu92yyWICxB0u7wkVbYA==",
      "requires": {
        "backo2": "1.0.2",
        "base64-arraybuffer": "0.1.5",
        "component-bind": "1.0.0",
        "component-emitter": "1.2.1",
        "debug": "~3.1.0",
        "engine.io-client": "~3.3.1",
        "has-binary2": "~1.0.2",
        "has-cors": "1.1.0",
        "indexof": "0.0.1",
        "object-component": "0.0.3",
        "parseqs": "0.0.5",
        "parseuri": "0.0.5",
        "socket.io-parser": "~3.3.0",
        "to-array": "0.1.4"
      },
      "dependencies": {
        "debug": {
          "version": "3.1.0",
          "resolved": "https://registry.npmjs.org/debug/-/debug-3.1.0.tgz",
          "integrity": "sha512-OX8XqP7/1a9cqkxYw2yXss15f26NKWBpDXQd0/uK/KPqdQhxbPa994hnzjcE2VqQpDslf55723cKPUOGSmMY3g==",
          "requires": {
            "ms": "2.0.0"
          }
        },
        "ms": {
          "version": "2.0.0",
          "resolved": "https://registry.npmjs.org/ms/-/ms-2.0.0.tgz",
          "integrity": "sha1-VgiurfwAvmwpAd9fmGF4jeDVl8g="
        }
      }
    },
    "socket.io-parser": {
      "version": "3.3.0",
      "resolved": "https://registry.npmjs.org/socket.io-parser/-/socket.io-parser-3.3.0.tgz",
      "integrity": "sha512-hczmV6bDgdaEbVqhAeVMM/jfUfzuEZHsQg6eOmLgJht6G3mPKMxYm75w2+qhAQZ+4X+1+ATZ+QFKeOZD5riHng==",
      "requires": {
        "component-emitter": "1.2.1",
        "debug": "~3.1.0",
        "isarray": "2.0.1"
      },
      "dependencies": {
        "debug": {
          "version": "3.1.0",
          "resolved": "https://registry.npmjs.org/debug/-/debug-3.1.0.tgz",
          "integrity": "sha512-OX8XqP7/1a9cqkxYw2yXss15f26NKWBpDXQd0/uK/KPqdQhxbPa994hnzjcE2VqQpDslf55723cKPUOGSmMY3g==",
          "requires": {
            "ms": "2.0.0"
          }
        },
        "ms": {
          "version": "2.0.0",
          "resolved": "https://registry.npmjs.org/ms/-/ms-2.0.0.tgz",
          "integrity": "sha1-VgiurfwAvmwpAd9fmGF4jeDVl8g="
        }
      }
    },
    "to-array": {
      "version": "0.1.4",
      "resolved": "https://registry.npmjs.org/to-array/-/to-array-0.1.4.tgz",
      "integrity": "sha1-F+bBH3PdTz10zaek/zI46a2b+JA="
    },
    "tslib": {
      "version": "1.10.0",
      "resolved": "https://registry.npmjs.org/tslib/-/tslib-1.10.0.tgz",
      "integrity": "sha512-qOebF53frne81cf0S9B41ByenJ3/IuH8yJKngAX35CmiZySA0khhkovshKK+jGCaMnVomla7gVlIcc3EvKPbTQ=="
    },
    "ws": {
      "version": "6.1.4",
      "resolved": "https://registry.npmjs.org/ws/-/ws-6.1.4.tgz",
      "integrity": "sha512-eqZfL+NE/YQc1/ZynhojeV8q+H050oR8AZ2uIev7RU10svA9ZnJUddHcOUZTJLinZ9yEfdA2kSATS2qZK5fhJA==",
      "requires": {
        "async-limiter": "~1.0.0"
      }
    },
    "xmlhttprequest-ssl": {
      "version": "1.5.5",
      "resolved": "https://registry.npmjs.org/xmlhttprequest-ssl/-/xmlhttprequest-ssl-1.5.5.tgz",
      "integrity": "sha1-wodrBhaKrcQOV9l+gRkayPQ5iz4="
    },
    "yeast": {
      "version": "0.1.2",
      "resolved": "https://registry.npmjs.org/yeast/-/yeast-0.1.2.tgz",
      "integrity": "sha1-AI4G2AlDIMNy28L47XagymyKxBk="
    }
  }
}
